
Microsoft Visual Studio Solution File, Format Version 12.00
# Visual Studio Version 17
VisualStudioVersion = 17.1.32328.378
MinimumVisualStudioVersion = 10.0.40219.1
Project("{8BC9CEB8-8B4A-11D0-8D11-00A0C91BC942}") = "Zad 1.6", "Zad 1.6.vcxproj", "{3C14CA55-E05B-40C2-BEDC-1D3C06C0FE3F}"
EndProject
Project("{8BC9CEB8-8B4A-11D0-8D11-00A0C91BC942}") = "Zad 1.7", "..\Zad 1.7\Zad 1.7.vcxproj", "{FB4D3FC7-07FE-4188-BEB3-B629852EC555}"
EndProject
Project("{8BC9CEB8-8B4A-11D0-8D11-00A0C91BC942}") = "Zad 1.6_2", "..\Zad 1.6_2\Zad 1.6_2.vcxproj", "{29A7429C-031D-413B-A21C-9D4090CE5D5A}"
EndProject
Project("{8BC9CEB8-8B4A-11D0-8D11-00A0C91BC942}") = "Zad 1.9", "..\Zad 1.9\Zad 1.9.vcxproj", "{4D3DEFC4-C94E-4195-A513-12B7A895EC87}"
EndProject
Project("{8BC9CEB8-8B4A-11D0-8D11-00A0C91BC942}") = "Zad 2.1", "..\Zad 2.1\Zad 2.1.vcxproj", "{AEB14506-9409-4F46-88E7-1A98912E264F}"
EndProject
Project("{8BC9CEB8-8B4A-11D0-8D11-00A0C91BC942}") = "Zad 2.2", "..\Zad 2.2\Zad 2.2.vcxproj", "{F40CCC71-72CE-4D8C-BF6C-20463B3FC375}"
EndProject
Project("{8BC9CEB8-8B4A-11D0-8D11-00A0C91BC942}") = "Zad 2.3", "..\Zad 2.3\Zad 2.3.vcxproj", "{2A2B28A4-1409-4593-ACC6-36210CF3666B}"
EndProject
Project("{8BC9CEB8-8B4A-11D0-8D11-00A0C91BC942}") = "Zad 1.8", "..\Zad 1.8\Zad 1.8.vcxproj", "{C53C220F-96A7-40E6-A892-C253D8B3A103}"
EndProject
Project("{8BC9CEB8-8B4A-11D0-8D11-00A0C91BC942}") = "Zad 2.4", "..\Zad 2.4\Zad 2.4.vcxproj", "{3343B6F7-D8B1-4D38-9C5F-41DA3C9EE109}"
EndProject
Project("{8BC9CEB8-8B4A-11D0-8D11-00A0C91BC942}") = "Zad 2.5", "..\Zad 2.5\Zad 2.5.vcxproj", "{DC2971F4-C7E0-4675-A30E-08DD90489DC5}"
EndProject
Project("{8BC9CEB8-8B4A-11D0-8D11-00A0C91BC942}") = "Zad 2.6", "..\Zad 2.6\Zad 2.6.vcxproj", "{D23AAA6C-9618-4A94-851E-357B0DC959FB}"
EndProject
Project("{8BC9CEB8-8B4A-11D0-8D11-00A0C91BC942}") = "Zad 3.1", "..\Zad 3.1\Zad 3.1.vcxproj", "{AEE1EF50-B762-44D7-B4ED-F1D29C8513A0}"
EndProject
Project("{8BC9CEB8-8B4A-11D0-8D11-00A0C91BC942}") = "Zad 3.2", "..\Zad 3.2\Zad 3.2.vcxproj", "{FA58E0F3-72B2-4EB9-8A1D-73BC6D63AD12}"
EndProject
Project("{8BC9CEB8-8B4A-11D0-8D11-00A0C91BC942}") = "Zad 3.3", "..\Zad 3.3\Zad 3.3.vcxproj", "{518BA466-473D-47EA-A19E-AB43090727A5}"
EndProject
Project("{8BC9CEB8-8B4A-11D0-8D11-00A0C91BC942}") = "Zad 4.2", "..\Zad 4.2\Zad 4.2.vcxproj", "{3A6FF514-DF72-4152-9C64-6181BEAC8F90}"
EndProject
Project("{8BC9CEB8-8B4A-11D0-8D11-00A0C91BC942}") = "Zad 4.3", "..\Zad 4.3\Zad 4.3.vcxproj", "{C5E27C01-2E91-4ED3-A4EE-A1476AFC05DE}"
EndProject
Project("{8BC9CEB8-8B4A-11D0-8D11-00A0C91BC942}") = "Zad 4.4", "..\Zad 4.4\Zad 4.4.vcxproj", "{4481FD94-04F7-4512-9881-203294D08592}"
EndProject
Project("{8BC9CEB8-8B4A-11D0-8D11-00A0C91BC942}") = "Zad 4.5", "..\Zad 4.5\Zad 4.5.vcxproj", "{D7C51390-613B-421B-A9CF-A1166F4F1AC1}"
EndProject
Project("{8BC9CEB8-8B4A-11D0-8D11-00A0C91BC942}") = "Zad 4.6", "..\Zad 4.6\Zad 4.6.vcxproj", "{9E1D7510-D002-455F-BE85-0B8523C6697F}"
EndProject
Project("{8BC9CEB8-8B4A-11D0-8D11-00A0C91BC942}") = "Zad 4.8", "..\Zad 4.8\Zad 4.8.vcxproj", "{ED95E700-19A7-42EB-A888-E50AFC89B03A}"
EndProject
Project("{8BC9CEB8-8B4A-11D0-8D11-00A0C91BC942}") = "Zad 4.9", "..\Zad 4.9\Zad 4.9.vcxproj", "{EEA2A7F5-F569-441D-9A98-82BB3230661E}"
EndProject
Project("{8BC9CEB8-8B4A-11D0-8D11-00A0C91BC942}") = "Zad 4.10", "..\Zad 4.10\Zad 4.10.vcxproj", "{7EDE63D4-C4D0-4735-8B65-829322740217}"
EndProject
Project("{8BC9CEB8-8B4A-11D0-8D11-00A0C91BC942}") = "Zad 4.5_1", "..\Zad 4.5_1\Zad 4.5_1.vcxproj", "{E64C293B-A4B9-4F9E-AD4B-BE95336171FE}"
EndProject
Project("{8BC9CEB8-8B4A-11D0-8D11-00A0C91BC942}") = "Zad 5.1", "..\Zad 5.1\Zad 5.1.vcxproj", "{CCF73362-698F-4AF7-97BA-16EB910CF825}"
EndProject
Project("{8BC9CEB8-8B4A-11D0-8D11-00A0C91BC942}") = "Zad 4.10_1", "..\Zad 4.10_1\Zad 4.10_1.vcxproj", "{3360954C-3E68-4D66-9298-09307F001791}"
EndProject
Project("{8BC9CEB8-8B4A-11D0-8D11-00A0C91BC942}") = "Zad 5.2", "..\Zad 5.2\Zad 5.2.vcxproj", "{B2310565-D85A-43C9-93D2-581624155F61}"
EndProject
Project("{8BC9CEB8-8B4A-11D0-8D11-00A0C91BC942}") = "Zad 5.3", "..\Zad 5.3\Zad 5.3.vcxproj", "{B4F409C1-4678-4C24-8D38-C87F0C156319}"
EndProject
Project("{8BC9CEB8-8B4A-11D0-8D11-00A0C91BC942}") = "Zad 5.5", "..\Zad 5.5\Zad 5.5.vcxproj", "{35D6CA1A-C802-419D-AAD9-10BDE4F7B420}"
EndProject
Project("{8BC9CEB8-8B4A-11D0-8D11-00A0C91BC942}") = "Zad 5.4", "..\Zad 5.4\Zad 5.4.vcxproj", "{2324EC5A-2FFB-469E-9D91-EC0AC7CE6B15}"
EndProject
Project("{8BC9CEB8-8B4A-11D0-8D11-00A0C91BC942}") = "Zad 5.6", "..\Zad 5.6\Zad 5.6.vcxproj", "{99524C59-6267-4936-841B-7F0588A3152B}"
EndProject
Project("{8BC9CEB8-8B4A-11D0-8D11-00A0C91BC942}") = "Zad 5.7", "..\Zad 5.7\Zad 5.7.vcxproj", "{9A727665-AEFF-4A4D-BE9A-77DDED847734}"
EndProject
Project("{8BC9CEB8-8B4A-11D0-8D11-00A0C91BC942}") = "Zad 5.8", "..\Zad 5.8\Zad 5.8.vcxproj", "{C339C382-8011-4E33-8CE7-B8A13B4C66C7}"
EndProject
Project("{8BC9CEB8-8B4A-11D0-8D11-00A0C91BC942}") = "Zad 5.9", "..\Zad 5.9\Zad 5.9.vcxproj", "{F84455B8-6340-4ED8-95CF-DB02221AC723}"
EndProject
Project("{8BC9CEB8-8B4A-11D0-8D11-00A0C91BC942}") = "Zad 6.1", "..\Zad 6.1\Zad 6.1.vcxproj", "{1F0C63EC-6B0B-47EE-933A-78DCE9DBDB7B}"
EndProject
Project("{8BC9CEB8-8B4A-11D0-8D11-00A0C91BC942}") = "Zad6.1b", "..\Zad6.1b\Zad6.1b.vcxproj", "{3558689C-92D0-4901-B9A5-A3876390D668}"
EndProject
Project("{8BC9CEB8-8B4A-11D0-8D11-00A0C91BC942}") = "Zad5.9_1", "..\Zad5.9_1\Zad5.9_1.vcxproj", "{9F1B0C28-952E-4850-A417-082753580D36}"
EndProject
Project("{8BC9CEB8-8B4A-11D0-8D11-00A0C91BC942}") = "Zad7.1", "..\Zad7.1\Zad7.1.vcxproj", "{4A6C80A0-A28E-4545-8E61-42FA4189FB38}"
EndProject
Project("{8BC9CEB8-8B4A-11D0-8D11-00A0C91BC942}") = "Zad7.2", "..\Zad7.2\Zad7.2.vcxproj", "{B7976414-B9FC-4626-8104-E99317602575}"
EndProject
Project("{8BC9CEB8-8B4A-11D0-8D11-00A0C91BC942}") = "Zad7.3", "..\Zad7.3\Zad7.3.vcxproj", "{E6CCE722-3EAE-4ACC-959B-CED002B47E54}"
EndProject
Project("{8BC9CEB8-8B4A-11D0-8D11-00A0C91BC942}") = "Zad7.4", "..\Zad7.4\Zad7.4.vcxproj", "{99604D5C-3323-4225-B718-9DF25479F74B}"
EndProject
Project("{8BC9CEB8-8B4A-11D0-8D11-00A0C91BC942}") = "Zad7.5", "..\Zad7.5\Zad7.5.vcxproj", "{4D64AA82-E19B-4F45-9686-595FE28B95FB}"
EndProject
Project("{8BC9CEB8-8B4A-11D0-8D11-00A0C91BC942}") = "Zad7.11", "..\Zad7.11\Zad7.11.vcxproj", "{F76FF496-734D-4E5D-A5D2-0FDF907F5CC2}"
EndProject
Global
	GlobalSection(SolutionConfigurationPlatforms) = preSolution
		Debug|x64 = Debug|x64
		Debug|x86 = Debug|x86
		Release|x64 = Release|x64
		Release|x86 = Release|x86
	EndGlobalSection
	GlobalSection(ProjectConfigurationPlatforms) = postSolution
		{3C14CA55-E05B-40C2-BEDC-1D3C06C0FE3F}.Debug|x64.ActiveCfg = Debug|x64
		{3C14CA55-E05B-40C2-BEDC-1D3C06C0FE3F}.Debug|x64.Build.0 = Debug|x64
		{3C14CA55-E05B-40C2-BEDC-1D3C06C0FE3F}.Debug|x86.ActiveCfg = Debug|Win32
		{3C14CA55-E05B-40C2-BEDC-1D3C06C0FE3F}.Debug|x86.Build.0 = Debug|Win32
		{3C14CA55-E05B-40C2-BEDC-1D3C06C0FE3F}.Release|x64.ActiveCfg = Release|x64
		{3C14CA55-E05B-40C2-BEDC-1D3C06C0FE3F}.Release|x64.Build.0 = Release|x64
		{3C14CA55-E05B-40C2-BEDC-1D3C06C0FE3F}.Release|x86.ActiveCfg = Release|Win32
		{3C14CA55-E05B-40C2-BEDC-1D3C06C0FE3F}.Release|x86.Build.0 = Release|Win32
		{FB4D3FC7-07FE-4188-BEB3-B629852EC555}.Debug|x64.ActiveCfg = Debug|x64
		{FB4D3FC7-07FE-4188-BEB3-B629852EC555}.Debug|x64.Build.0 = Debug|x64
		{FB4D3FC7-07FE-4188-BEB3-B629852EC555}.Debug|x86.ActiveCfg = Debug|Win32
		{FB4D3FC7-07FE-4188-BEB3-B629852EC555}.Debug|x86.Build.0 = Debug|Win32
		{FB4D3FC7-07FE-4188-BEB3-B629852EC555}.Release|x64.ActiveCfg = Release|x64
		{FB4D3FC7-07FE-4188-BEB3-B629852EC555}.Release|x64.Build.0 = Release|x64
		{FB4D3FC7-07FE-4188-BEB3-B629852EC555}.Release|x86.ActiveCfg = Release|Win32
		{FB4D3FC7-07FE-4188-BEB3-B629852EC555}.Release|x86.Build.0 = Release|Win32
		{29A7429C-031D-413B-A21C-9D4090CE5D5A}.Debug|x64.ActiveCfg = Debug|x64
		{29A7429C-031D-413B-A21C-9D4090CE5D5A}.Debug|x64.Build.0 = Debug|x64
		{29A7429C-031D-413B-A21C-9D4090CE5D5A}.Debug|x86.ActiveCfg = Debug|Win32
		{29A7429C-031D-413B-A21C-9D4090CE5D5A}.Debug|x86.Build.0 = Debug|Win32
		{29A7429C-031D-413B-A21C-9D4090CE5D5A}.Release|x64.ActiveCfg = Release|x64
		{29A7429C-031D-413B-A21C-9D4090CE5D5A}.Release|x64.Build.0 = Release|x64
		{29A7429C-031D-413B-A21C-9D4090CE5D5A}.Release|x86.ActiveCfg = Release|Win32
		{29A7429C-031D-413B-A21C-9D4090CE5D5A}.Release|x86.Build.0 = Release|Win32
		{4D3DEFC4-C94E-4195-A513-12B7A895EC87}.Debug|x64.ActiveCfg = Debug|x64
		{4D3DEFC4-C94E-4195-A513-12B7A895EC87}.Debug|x64.Build.0 = Debug|x64
		{4D3DEFC4-C94E-4195-A513-12B7A895EC87}.Debug|x86.ActiveCfg = Debug|Win32
		{4D3DEFC4-C94E-4195-A513-12B7A895EC87}.Debug|x86.Build.0 = Debug|Win32
		{4D3DEFC4-C94E-4195-A513-12B7A895EC87}.Release|x64.ActiveCfg = Release|x64
		{4D3DEFC4-C94E-4195-A513-12B7A895EC87}.Release|x64.Build.0 = Release|x64
		{4D3DEFC4-C94E-4195-A513-12B7A895EC87}.Release|x86.ActiveCfg = Release|Win32
		{4D3DEFC4-C94E-4195-A513-12B7A895EC87}.Release|x86.Build.0 = Release|Win32
		{AEB14506-9409-4F46-88E7-1A98912E264F}.Debug|x64.ActiveCfg = Debug|x64
		{AEB14506-9409-4F46-88E7-1A98912E264F}.Debug|x64.Build.0 = Debug|x64
		{AEB14506-9409-4F46-88E7-1A98912E264F}.Debug|x86.ActiveCfg = Debug|Win32
		{AEB14506-9409-4F46-88E7-1A98912E264F}.Debug|x86.Build.0 = Debug|Win32
		{AEB14506-9409-4F46-88E7-1A98912E264F}.Release|x64.ActiveCfg = Release|x64
		{AEB14506-9409-4F46-88E7-1A98912E264F}.Release|x64.Build.0 = Release|x64
		{AEB14506-9409-4F46-88E7-1A98912E264F}.Release|x86.ActiveCfg = Release|Win32
		{AEB14506-9409-4F46-88E7-1A98912E264F}.Release|x86.Build.0 = Release|Win32
		{F40CCC71-72CE-4D8C-BF6C-20463B3FC375}.Debug|x64.ActiveCfg = Debug|x64
		{F40CCC71-72CE-4D8C-BF6C-20463B3FC375}.Debug|x64.Build.0 = Debug|x64
		{F40CCC71-72CE-4D8C-BF6C-20463B3FC375}.Debug|x86.ActiveCfg = Debug|Win32
		{F40CCC71-72CE-4D8C-BF6C-20463B3FC375}.Debug|x86.Build.0 = Debug|Win32
		{F40CCC71-72CE-4D8C-BF6C-20463B3FC375}.Release|x64.ActiveCfg = Release|x64
		{F40CCC71-72CE-4D8C-BF6C-20463B3FC375}.Release|x64.Build.0 = Release|x64
		{F40CCC71-72CE-4D8C-BF6C-20463B3FC375}.Release|x86.ActiveCfg = Release|Win32
		{F40CCC71-72CE-4D8C-BF6C-20463B3FC375}.Release|x86.Build.0 = Release|Win32
		{2A2B28A4-1409-4593-ACC6-36210CF3666B}.Debug|x64.ActiveCfg = Debug|x64
		{2A2B28A4-1409-4593-ACC6-36210CF3666B}.Debug|x64.Build.0 = Debug|x64
		{2A2B28A4-1409-4593-ACC6-36210CF3666B}.Debug|x86.ActiveCfg = Debug|Win32
		{2A2B28A4-1409-4593-ACC6-36210CF3666B}.Debug|x86.Build.0 = Debug|Win32
		{2A2B28A4-1409-4593-ACC6-36210CF3666B}.Release|x64.ActiveCfg = Release|x64
		{2A2B28A4-1409-4593-ACC6-36210CF3666B}.Release|x64.Build.0 = Release|x64
		{2A2B28A4-1409-4593-ACC6-36210CF3666B}.Release|x86.ActiveCfg = Release|Win32
		{2A2B28A4-1409-4593-ACC6-36210CF3666B}.Release|x86.Build.0 = Release|Win32
		{C53C220F-96A7-40E6-A892-C253D8B3A103}.Debug|x64.ActiveCfg = Debug|x64
		{C53C220F-96A7-40E6-A892-C253D8B3A103}.Debug|x64.Build.0 = Debug|x64
		{C53C220F-96A7-40E6-A892-C253D8B3A103}.Debug|x86.ActiveCfg = Debug|Win32
		{C53C220F-96A7-40E6-A892-C253D8B3A103}.Debug|x86.Build.0 = Debug|Win32
		{C53C220F-96A7-40E6-A892-C253D8B3A103}.Release|x64.ActiveCfg = Release|x64
		{C53C220F-96A7-40E6-A892-C253D8B3A103}.Release|x64.Build.0 = Release|x64
		{C53C220F-96A7-40E6-A892-C253D8B3A103}.Release|x86.ActiveCfg = Release|Win32
		{C53C220F-96A7-40E6-A892-C253D8B3A103}.Release|x86.Build.0 = Release|Win32
		{3343B6F7-D8B1-4D38-9C5F-41DA3C9EE109}.Debug|x64.ActiveCfg = Debug|x64
		{3343B6F7-D8B1-4D38-9C5F-41DA3C9EE109}.Debug|x64.Build.0 = Debug|x64
		{3343B6F7-D8B1-4D38-9C5F-41DA3C9EE109}.Debug|x86.ActiveCfg = Debug|Win32
		{3343B6F7-D8B1-4D38-9C5F-41DA3C9EE109}.Debug|x86.Build.0 = Debug|Win32
		{3343B6F7-D8B1-4D38-9C5F-41DA3C9EE109}.Release|x64.ActiveCfg = Release|x64
		{3343B6F7-D8B1-4D38-9C5F-41DA3C9EE109}.Release|x64.Build.0 = Release|x64
		{3343B6F7-D8B1-4D38-9C5F-41DA3C9EE109}.Release|x86.ActiveCfg = Release|Win32
		{3343B6F7-D8B1-4D38-9C5F-41DA3C9EE109}.Release|x86.Build.0 = Release|Win32
		{DC2971F4-C7E0-4675-A30E-08DD90489DC5}.Debug|x64.ActiveCfg = Debug|x64
		{DC2971F4-C7E0-4675-A30E-08DD90489DC5}.Debug|x64.Build.0 = Debug|x64
		{DC2971F4-C7E0-4675-A30E-08DD90489DC5}.Debug|x86.ActiveCfg = Debug|Win32
		{DC2971F4-C7E0-4675-A30E-08DD90489DC5}.Debug|x86.Build.0 = Debug|Win32
		{DC2971F4-C7E0-4675-A30E-08DD90489DC5}.Release|x64.ActiveCfg = Release|x64
		{DC2971F4-C7E0-4675-A30E-08DD90489DC5}.Release|x64.Build.0 = Release|x64
		{DC2971F4-C7E0-4675-A30E-08DD90489DC5}.Release|x86.ActiveCfg = Release|Win32
		{DC2971F4-C7E0-4675-A30E-08DD90489DC5}.Release|x86.Build.0 = Release|Win32
		{D23AAA6C-9618-4A94-851E-357B0DC959FB}.Debug|x64.ActiveCfg = Debug|x64
		{D23AAA6C-9618-4A94-851E-357B0DC959FB}.Debug|x64.Build.0 = Debug|x64
		{D23AAA6C-9618-4A94-851E-357B0DC959FB}.Debug|x86.ActiveCfg = Debug|Win32
		{D23AAA6C-9618-4A94-851E-357B0DC959FB}.Debug|x86.Build.0 = Debug|Win32
		{D23AAA6C-9618-4A94-851E-357B0DC959FB}.Release|x64.ActiveCfg = Release|x64
		{D23AAA6C-9618-4A94-851E-357B0DC959FB}.Release|x64.Build.0 = Release|x64
		{D23AAA6C-9618-4A94-851E-357B0DC959FB}.Release|x86.ActiveCfg = Release|Win32
		{D23AAA6C-9618-4A94-851E-357B0DC959FB}.Release|x86.Build.0 = Release|Win32
		{AEE1EF50-B762-44D7-B4ED-F1D29C8513A0}.Debug|x64.ActiveCfg = Debug|x64
		{AEE1EF50-B762-44D7-B4ED-F1D29C8513A0}.Debug|x64.Build.0 = Debug|x64
		{AEE1EF50-B762-44D7-B4ED-F1D29C8513A0}.Debug|x86.ActiveCfg = Debug|Win32
		{AEE1EF50-B762-44D7-B4ED-F1D29C8513A0}.Debug|x86.Build.0 = Debug|Win32
		{AEE1EF50-B762-44D7-B4ED-F1D29C8513A0}.Release|x64.ActiveCfg = Release|x64
		{AEE1EF50-B762-44D7-B4ED-F1D29C8513A0}.Release|x64.Build.0 = Release|x64
		{AEE1EF50-B762-44D7-B4ED-F1D29C8513A0}.Release|x86.ActiveCfg = Release|Win32
		{AEE1EF50-B762-44D7-B4ED-F1D29C8513A0}.Release|x86.Build.0 = Release|Win32
		{FA58E0F3-72B2-4EB9-8A1D-73BC6D63AD12}.Debug|x64.ActiveCfg = Debug|x64
		{FA58E0F3-72B2-4EB9-8A1D-73BC6D63AD12}.Debug|x64.Build.0 = Debug|x64
		{FA58E0F3-72B2-4EB9-8A1D-73BC6D63AD12}.Debug|x86.ActiveCfg = Debug|Win32
		{FA58E0F3-72B2-4EB9-8A1D-73BC6D63AD12}.Debug|x86.Build.0 = Debug|Win32
		{FA58E0F3-72B2-4EB9-8A1D-73BC6D63AD12}.Release|x64.ActiveCfg = Release|x64
		{FA58E0F3-72B2-4EB9-8A1D-73BC6D63AD12}.Release|x64.Build.0 = Release|x64
		{FA58E0F3-72B2-4EB9-8A1D-73BC6D63AD12}.Release|x86.ActiveCfg = Release|Win32
		{FA58E0F3-72B2-4EB9-8A1D-73BC6D63AD12}.Release|x86.Build.0 = Release|Win32
		{518BA466-473D-47EA-A19E-AB43090727A5}.Debug|x64.ActiveCfg = Debug|x64
		{518BA466-473D-47EA-A19E-AB43090727A5}.Debug|x64.Build.0 = Debug|x64
		{518BA466-473D-47EA-A19E-AB43090727A5}.Debug|x86.ActiveCfg = Debug|Win32
		{518BA466-473D-47EA-A19E-AB43090727A5}.Debug|x86.Build.0 = Debug|Win32
		{518BA466-473D-47EA-A19E-AB43090727A5}.Release|x64.ActiveCfg = Release|x64
		{518BA466-473D-47EA-A19E-AB43090727A5}.Release|x64.Build.0 = Release|x64
		{518BA466-473D-47EA-A19E-AB43090727A5}.Release|x86.ActiveCfg = Release|Win32
		{518BA466-473D-47EA-A19E-AB43090727A5}.Release|x86.Build.0 = Release|Win32
		{3A6FF514-DF72-4152-9C64-6181BEAC8F90}.Debug|x64.ActiveCfg = Debug|x64
		{3A6FF514-DF72-4152-9C64-6181BEAC8F90}.Debug|x64.Build.0 = Debug|x64
		{3A6FF514-DF72-4152-9C64-6181BEAC8F90}.Debug|x86.ActiveCfg = Debug|Win32
		{3A6FF514-DF72-4152-9C64-6181BEAC8F90}.Debug|x86.Build.0 = Debug|Win32
		{3A6FF514-DF72-4152-9C64-6181BEAC8F90}.Release|x64.ActiveCfg = Release|x64
		{3A6FF514-DF72-4152-9C64-6181BEAC8F90}.Release|x64.Build.0 = Release|x64
		{3A6FF514-DF72-4152-9C64-6181BEAC8F90}.Release|x86.ActiveCfg = Release|Win32
		{3A6FF514-DF72-4152-9C64-6181BEAC8F90}.Release|x86.Build.0 = Release|Win32
		{C5E27C01-2E91-4ED3-A4EE-A1476AFC05DE}.Debug|x64.ActiveCfg = Debug|x64
		{C5E27C01-2E91-4ED3-A4EE-A1476AFC05DE}.Debug|x64.Build.0 = Debug|x64
		{C5E27C01-2E91-4ED3-A4EE-A1476AFC05DE}.Debug|x86.ActiveCfg = Debug|Win32
		{C5E27C01-2E91-4ED3-A4EE-A1476AFC05DE}.Debug|x86.Build.0 = Debug|Win32
		{C5E27C01-2E91-4ED3-A4EE-A1476AFC05DE}.Release|x64.ActiveCfg = Release|x64
		{C5E27C01-2E91-4ED3-A4EE-A1476AFC05DE}.Release|x64.Build.0 = Release|x64
		{C5E27C01-2E91-4ED3-A4EE-A1476AFC05DE}.Release|x86.ActiveCfg = Release|Win32
		{C5E27C01-2E91-4ED3-A4EE-A1476AFC05DE}.Release|x86.Build.0 = Release|Win32
		{4481FD94-04F7-4512-9881-203294D08592}.Debug|x64.ActiveCfg = Debug|x64
		{4481FD94-04F7-4512-9881-203294D08592}.Debug|x64.Build.0 = Debug|x64
		{4481FD94-04F7-4512-9881-203294D08592}.Debug|x86.ActiveCfg = Debug|Win32
		{4481FD94-04F7-4512-9881-203294D08592}.Debug|x86.Build.0 = Debug|Win32
		{4481FD94-04F7-4512-9881-203294D08592}.Release|x64.ActiveCfg = Release|x64
		{4481FD94-04F7-4512-9881-203294D08592}.Release|x64.Build.0 = Release|x64
		{4481FD94-04F7-4512-9881-203294D08592}.Release|x86.ActiveCfg = Release|Win32
		{4481FD94-04F7-4512-9881-203294D08592}.Release|x86.Build.0 = Release|Win32
		{D7C51390-613B-421B-A9CF-A1166F4F1AC1}.Debug|x64.ActiveCfg = Debug|x64
		{D7C51390-613B-421B-A9CF-A1166F4F1AC1}.Debug|x64.Build.0 = Debug|x64
		{D7C51390-613B-421B-A9CF-A1166F4F1AC1}.Debug|x86.ActiveCfg = Debug|Win32
		{D7C51390-613B-421B-A9CF-A1166F4F1AC1}.Debug|x86.Build.0 = Debug|Win32
		{D7C51390-613B-421B-A9CF-A1166F4F1AC1}.Release|x64.ActiveCfg = Release|x64
		{D7C51390-613B-421B-A9CF-A1166F4F1AC1}.Release|x64.Build.0 = Release|x64
		{D7C51390-613B-421B-A9CF-A1166F4F1AC1}.Release|x86.ActiveCfg = Release|Win32
		{D7C51390-613B-421B-A9CF-A1166F4F1AC1}.Release|x86.Build.0 = Release|Win32
		{9E1D7510-D002-455F-BE85-0B8523C6697F}.Debug|x64.ActiveCfg = Debug|x64
		{9E1D7510-D002-455F-BE85-0B8523C6697F}.Debug|x64.Build.0 = Debug|x64
		{9E1D7510-D002-455F-BE85-0B8523C6697F}.Debug|x86.ActiveCfg = Debug|Win32
		{9E1D7510-D002-455F-BE85-0B8523C6697F}.Debug|x86.Build.0 = Debug|Win32
		{9E1D7510-D002-455F-BE85-0B8523C6697F}.Release|x64.ActiveCfg = Release|x64
		{9E1D7510-D002-455F-BE85-0B8523C6697F}.Release|x64.Build.0 = Release|x64
		{9E1D7510-D002-455F-BE85-0B8523C6697F}.Release|x86.ActiveCfg = Release|Win32
		{9E1D7510-D002-455F-BE85-0B8523C6697F}.Release|x86.Build.0 = Release|Win32
		{ED95E700-19A7-42EB-A888-E50AFC89B03A}.Debug|x64.ActiveCfg = Debug|x64
		{ED95E700-19A7-42EB-A888-E50AFC89B03A}.Debug|x64.Build.0 = Debug|x64
		{ED95E700-19A7-42EB-A888-E50AFC89B03A}.Debug|x86.ActiveCfg = Debug|Win32
		{ED95E700-19A7-42EB-A888-E50AFC89B03A}.Debug|x86.Build.0 = Debug|Win32
		{ED95E700-19A7-42EB-A888-E50AFC89B03A}.Release|x64.ActiveCfg = Release|x64
		{ED95E700-19A7-42EB-A888-E50AFC89B03A}.Release|x64.Build.0 = Release|x64
		{ED95E700-19A7-42EB-A888-E50AFC89B03A}.Release|x86.ActiveCfg = Release|Win32
		{ED95E700-19A7-42EB-A888-E50AFC89B03A}.Release|x86.Build.0 = Release|Win32
		{EEA2A7F5-F569-441D-9A98-82BB3230661E}.Debug|x64.ActiveCfg = Debug|x64
		{EEA2A7F5-F569-441D-9A98-82BB3230661E}.Debug|x64.Build.0 = Debug|x64
		{EEA2A7F5-F569-441D-9A98-82BB3230661E}.Debug|x86.ActiveCfg = Debug|Win32
		{EEA2A7F5-F569-441D-9A98-82BB3230661E}.Debug|x86.Build.0 = Debug|Win32
		{EEA2A7F5-F569-441D-9A98-82BB3230661E}.Release|x64.ActiveCfg = Release|x64
		{EEA2A7F5-F569-441D-9A98-82BB3230661E}.Release|x64.Build.0 = Release|x64
		{EEA2A7F5-F569-441D-9A98-82BB3230661E}.Release|x86.ActiveCfg = Release|Win32
		{EEA2A7F5-F569-441D-9A98-82BB3230661E}.Release|x86.Build.0 = Release|Win32
		{7EDE63D4-C4D0-4735-8B65-829322740217}.Debug|x64.ActiveCfg = Debug|x64
		{7EDE63D4-C4D0-4735-8B65-829322740217}.Debug|x64.Build.0 = Debug|x64
		{7EDE63D4-C4D0-4735-8B65-829322740217}.Debug|x86.ActiveCfg = Debug|Win32
		{7EDE63D4-C4D0-4735-8B65-829322740217}.Debug|x86.Build.0 = Debug|Win32
		{7EDE63D4-C4D0-4735-8B65-829322740217}.Release|x64.ActiveCfg = Release|x64
		{7EDE63D4-C4D0-4735-8B65-829322740217}.Release|x64.Build.0 = Release|x64
		{7EDE63D4-C4D0-4735-8B65-829322740217}.Release|x86.ActiveCfg = Release|Win32
		{7EDE63D4-C4D0-4735-8B65-829322740217}.Release|x86.Build.0 = Release|Win32
		{E64C293B-A4B9-4F9E-AD4B-BE95336171FE}.Debug|x64.ActiveCfg = Debug|x64
		{E64C293B-A4B9-4F9E-AD4B-BE95336171FE}.Debug|x64.Build.0 = Debug|x64
		{E64C293B-A4B9-4F9E-AD4B-BE95336171FE}.Debug|x86.ActiveCfg = Debug|Win32
		{E64C293B-A4B9-4F9E-AD4B-BE95336171FE}.Debug|x86.Build.0 = Debug|Win32
		{E64C293B-A4B9-4F9E-AD4B-BE95336171FE}.Release|x64.ActiveCfg = Release|x64
		{E64C293B-A4B9-4F9E-AD4B-BE95336171FE}.Release|x64.Build.0 = Release|x64
		{E64C293B-A4B9-4F9E-AD4B-BE95336171FE}.Release|x86.ActiveCfg = Release|Win32
		{E64C293B-A4B9-4F9E-AD4B-BE95336171FE}.Release|x86.Build.0 = Release|Win32
		{CCF73362-698F-4AF7-97BA-16EB910CF825}.Debug|x64.ActiveCfg = Debug|x64
		{CCF73362-698F-4AF7-97BA-16EB910CF825}.Debug|x64.Build.0 = Debug|x64
		{CCF73362-698F-4AF7-97BA-16EB910CF825}.Debug|x86.ActiveCfg = Debug|Win32
		{CCF73362-698F-4AF7-97BA-16EB910CF825}.Debug|x86.Build.0 = Debug|Win32
		{CCF73362-698F-4AF7-97BA-16EB910CF825}.Release|x64.ActiveCfg = Release|x64
		{CCF73362-698F-4AF7-97BA-16EB910CF825}.Release|x64.Build.0 = Release|x64
		{CCF73362-698F-4AF7-97BA-16EB910CF825}.Release|x86.ActiveCfg = Release|Win32
		{CCF73362-698F-4AF7-97BA-16EB910CF825}.Release|x86.Build.0 = Release|Win32
		{3360954C-3E68-4D66-9298-09307F001791}.Debug|x64.ActiveCfg = Debug|x64
		{3360954C-3E68-4D66-9298-09307F001791}.Debug|x64.Build.0 = Debug|x64
		{3360954C-3E68-4D66-9298-09307F001791}.Debug|x86.ActiveCfg = Debug|Win32
		{3360954C-3E68-4D66-9298-09307F001791}.Debug|x86.Build.0 = Debug|Win32
		{3360954C-3E68-4D66-9298-09307F001791}.Release|x64.ActiveCfg = Release|x64
		{3360954C-3E68-4D66-9298-09307F001791}.Release|x64.Build.0 = Release|x64
		{3360954C-3E68-4D66-9298-09307F001791}.Release|x86.ActiveCfg = Release|Win32
		{3360954C-3E68-4D66-9298-09307F001791}.Release|x86.Build.0 = Release|Win32
		{B2310565-D85A-43C9-93D2-581624155F61}.Debug|x64.ActiveCfg = Debug|x64
		{B2310565-D85A-43C9-93D2-581624155F61}.Debug|x64.Build.0 = Debug|x64
		{B2310565-D85A-43C9-93D2-581624155F61}.Debug|x86.ActiveCfg = Debug|Win32
		{B2310565-D85A-43C9-93D2-581624155F61}.Debug|x86.Build.0 = Debug|Win32
		{B2310565-D85A-43C9-93D2-581624155F61}.Release|x64.ActiveCfg = Release|x64
		{B2310565-D85A-43C9-93D2-581624155F61}.Release|x64.Build.0 = Release|x64
		{B2310565-D85A-43C9-93D2-581624155F61}.Release|x86.ActiveCfg = Release|Win32
		{B2310565-D85A-43C9-93D2-581624155F61}.Release|x86.Build.0 = Release|Win32
		{B4F409C1-4678-4C24-8D38-C87F0C156319}.Debug|x64.ActiveCfg = Debug|x64
		{B4F409C1-4678-4C24-8D38-C87F0C156319}.Debug|x64.Build.0 = Debug|x64
		{B4F409C1-4678-4C24-8D38-C87F0C156319}.Debug|x86.ActiveCfg = Debug|Win32
		{B4F409C1-4678-4C24-8D38-C87F0C156319}.Debug|x86.Build.0 = Debug|Win32
		{B4F409C1-4678-4C24-8D38-C87F0C156319}.Release|x64.ActiveCfg = Release|x64
		{B4F409C1-4678-4C24-8D38-C87F0C156319}.Release|x64.Build.0 = Release|x64
		{B4F409C1-4678-4C24-8D38-C87F0C156319}.Release|x86.ActiveCfg = Release|Win32
		{B4F409C1-4678-4C24-8D38-C87F0C156319}.Release|x86.Build.0 = Release|Win32
		{35D6CA1A-C802-419D-AAD9-10BDE4F7B420}.Debug|x64.ActiveCfg = Debug|x64
		{35D6CA1A-C802-419D-AAD9-10BDE4F7B420}.Debug|x64.Build.0 = Debug|x64
		{35D6CA1A-C802-419D-AAD9-10BDE4F7B420}.Debug|x86.ActiveCfg = Debug|Win32
		{35D6CA1A-C802-419D-AAD9-10BDE4F7B420}.Debug|x86.Build.0 = Debug|Win32
		{35D6CA1A-C802-419D-AAD9-10BDE4F7B420}.Release|x64.ActiveCfg = Release|x64
		{35D6CA1A-C802-419D-AAD9-10BDE4F7B420}.Release|x64.Build.0 = Release|x64
		{35D6CA1A-C802-419D-AAD9-10BDE4F7B420}.Release|x86.ActiveCfg = Release|Win32
		{35D6CA1A-C802-419D-AAD9-10BDE4F7B420}.Release|x86.Build.0 = Release|Win32
		{2324EC5A-2FFB-469E-9D91-EC0AC7CE6B15}.Debug|x64.ActiveCfg = Debug|x64
		{2324EC5A-2FFB-469E-9D91-EC0AC7CE6B15}.Debug|x64.Build.0 = Debug|x64
		{2324EC5A-2FFB-469E-9D91-EC0AC7CE6B15}.Debug|x86.ActiveCfg = Debug|Win32
		{2324EC5A-2FFB-469E-9D91-EC0AC7CE6B15}.Debug|x86.Build.0 = Debug|Win32
		{2324EC5A-2FFB-469E-9D91-EC0AC7CE6B15}.Release|x64.ActiveCfg = Release|x64
		{2324EC5A-2FFB-469E-9D91-EC0AC7CE6B15}.Release|x64.Build.0 = Release|x64
		{2324EC5A-2FFB-469E-9D91-EC0AC7CE6B15}.Release|x86.ActiveCfg = Release|Win32
		{2324EC5A-2FFB-469E-9D91-EC0AC7CE6B15}.Release|x86.Build.0 = Release|Win32
		{99524C59-6267-4936-841B-7F0588A3152B}.Debug|x64.ActiveCfg = Debug|x64
		{99524C59-6267-4936-841B-7F0588A3152B}.Debug|x64.Build.0 = Debug|x64
		{99524C59-6267-4936-841B-7F0588A3152B}.Debug|x86.ActiveCfg = Debug|Win32
		{99524C59-6267-4936-841B-7F0588A3152B}.Debug|x86.Build.0 = Debug|Win32
		{99524C59-6267-4936-841B-7F0588A3152B}.Release|x64.ActiveCfg = Release|x64
		{99524C59-6267-4936-841B-7F0588A3152B}.Release|x64.Build.0 = Release|x64
		{99524C59-6267-4936-841B-7F0588A3152B}.Release|x86.ActiveCfg = Release|Win32
		{99524C59-6267-4936-841B-7F0588A3152B}.Release|x86.Build.0 = Release|Win32
		{9A727665-AEFF-4A4D-BE9A-77DDED847734}.Debug|x64.ActiveCfg = Debug|x64
		{9A727665-AEFF-4A4D-BE9A-77DDED847734}.Debug|x64.Build.0 = Debug|x64
		{9A727665-AEFF-4A4D-BE9A-77DDED847734}.Debug|x86.ActiveCfg = Debug|Win32
		{9A727665-AEFF-4A4D-BE9A-77DDED847734}.Debug|x86.Build.0 = Debug|Win32
		{9A727665-AEFF-4A4D-BE9A-77DDED847734}.Release|x64.ActiveCfg = Release|x64
		{9A727665-AEFF-4A4D-BE9A-77DDED847734}.Release|x64.Build.0 = Release|x64
		{9A727665-AEFF-4A4D-BE9A-77DDED847734}.Release|x86.ActiveCfg = Release|Win32
		{9A727665-AEFF-4A4D-BE9A-77DDED847734}.Release|x86.Build.0 = Release|Win32
		{C339C382-8011-4E33-8CE7-B8A13B4C66C7}.Debug|x64.ActiveCfg = Debug|x64
		{C339C382-8011-4E33-8CE7-B8A13B4C66C7}.Debug|x64.Build.0 = Debug|x64
		{C339C382-8011-4E33-8CE7-B8A13B4C66C7}.Debug|x86.ActiveCfg = Debug|Win32
		{C339C382-8011-4E33-8CE7-B8A13B4C66C7}.Debug|x86.Build.0 = Debug|Win32
		{C339C382-8011-4E33-8CE7-B8A13B4C66C7}.Release|x64.ActiveCfg = Release|x64
		{C339C382-8011-4E33-8CE7-B8A13B4C66C7}.Release|x64.Build.0 = Release|x64
		{C339C382-8011-4E33-8CE7-B8A13B4C66C7}.Release|x86.ActiveCfg = Release|Win32
		{C339C382-8011-4E33-8CE7-B8A13B4C66C7}.Release|x86.Build.0 = Release|Win32
		{F84455B8-6340-4ED8-95CF-DB02221AC723}.Debug|x64.ActiveCfg = Debug|x64
		{F84455B8-6340-4ED8-95CF-DB02221AC723}.Debug|x64.Build.0 = Debug|x64
		{F84455B8-6340-4ED8-95CF-DB02221AC723}.Debug|x86.ActiveCfg = Debug|Win32
		{F84455B8-6340-4ED8-95CF-DB02221AC723}.Debug|x86.Build.0 = Debug|Win32
		{F84455B8-6340-4ED8-95CF-DB02221AC723}.Release|x64.ActiveCfg = Release|x64
		{F84455B8-6340-4ED8-95CF-DB02221AC723}.Release|x64.Build.0 = Release|x64
		{F84455B8-6340-4ED8-95CF-DB02221AC723}.Release|x86.ActiveCfg = Release|Win32
		{F84455B8-6340-4ED8-95CF-DB02221AC723}.Release|x86.Build.0 = Release|Win32
		{1F0C63EC-6B0B-47EE-933A-78DCE9DBDB7B}.Debug|x64.ActiveCfg = Debug|x64
		{1F0C63EC-6B0B-47EE-933A-78DCE9DBDB7B}.Debug|x64.Build.0 = Debug|x64
		{1F0C63EC-6B0B-47EE-933A-78DCE9DBDB7B}.Debug|x86.ActiveCfg = Debug|Win32
		{1F0C63EC-6B0B-47EE-933A-78DCE9DBDB7B}.Debug|x86.Build.0 = Debug|Win32
		{1F0C63EC-6B0B-47EE-933A-78DCE9DBDB7B}.Release|x64.ActiveCfg = Release|x64
		{1F0C63EC-6B0B-47EE-933A-78DCE9DBDB7B}.Release|x64.Build.0 = Release|x64
		{1F0C63EC-6B0B-47EE-933A-78DCE9DBDB7B}.Release|x86.ActiveCfg = Release|Win32
		{1F0C63EC-6B0B-47EE-933A-78DCE9DBDB7B}.Release|x86.Build.0 = Release|Win32
		{3558689C-92D0-4901-B9A5-A3876390D668}.Debug|x64.ActiveCfg = Debug|x64
		{3558689C-92D0-4901-B9A5-A3876390D668}.Debug|x64.Build.0 = Debug|x64
		{3558689C-92D0-4901-B9A5-A3876390D668}.Debug|x86.ActiveCfg = Debug|Win32
		{3558689C-92D0-4901-B9A5-A3876390D668}.Debug|x86.Build.0 = Debug|Win32
		{3558689C-92D0-4901-B9A5-A3876390D668}.Release|x64.ActiveCfg = Release|x64
		{3558689C-92D0-4901-B9A5-A3876390D668}.Release|x64.Build.0 = Release|x64
		{3558689C-92D0-4901-B9A5-A3876390D668}.Release|x86.ActiveCfg = Release|Win32
		{3558689C-92D0-4901-B9A5-A3876390D668}.Release|x86.Build.0 = Release|Win32
		{9F1B0C28-952E-4850-A417-082753580D36}.Debug|x64.ActiveCfg = Debug|x64
		{9F1B0C28-952E-4850-A417-082753580D36}.Debug|x64.Build.0 = Debug|x64
		{9F1B0C28-952E-4850-A417-082753580D36}.Debug|x86.ActiveCfg = Debug|Win32
		{9F1B0C28-952E-4850-A417-082753580D36}.Debug|x86.Build.0 = Debug|Win32
		{9F1B0C28-952E-4850-A417-082753580D36}.Release|x64.ActiveCfg = Release|x64
		{9F1B0C28-952E-4850-A417-082753580D36}.Release|x64.Build.0 = Release|x64
		{9F1B0C28-952E-4850-A417-082753580D36}.Release|x86.ActiveCfg = Release|Win32
		{9F1B0C28-952E-4850-A417-082753580D36}.Release|x86.Build.0 = Release|Win32
		{4A6C80A0-A28E-4545-8E61-42FA4189FB38}.Debug|x64.ActiveCfg = Debug|x64
		{4A6C80A0-A28E-4545-8E61-42FA4189FB38}.Debug|x64.Build.0 = Debug|x64
		{4A6C80A0-A28E-4545-8E61-42FA4189FB38}.Debug|x86.ActiveCfg = Debug|Win32
		{4A6C80A0-A28E-4545-8E61-42FA4189FB38}.Debug|x86.Build.0 = Debug|Win32
		{4A6C80A0-A28E-4545-8E61-42FA4189FB38}.Release|x64.ActiveCfg = Release|x64
		{4A6C80A0-A28E-4545-8E61-42FA4189FB38}.Release|x64.Build.0 = Release|x64
		{4A6C80A0-A28E-4545-8E61-42FA4189FB38}.Release|x86.ActiveCfg = Release|Win32
		{4A6C80A0-A28E-4545-8E61-42FA4189FB38}.Release|x86.Build.0 = Release|Win32
		{B7976414-B9FC-4626-8104-E99317602575}.Debug|x64.ActiveCfg = Debug|x64
		{B7976414-B9FC-4626-8104-E99317602575}.Debug|x64.Build.0 = Debug|x64
		{B7976414-B9FC-4626-8104-E99317602575}.Debug|x86.ActiveCfg = Debug|Win32
		{B7976414-B9FC-4626-8104-E99317602575}.Debug|x86.Build.0 = Debug|Win32
		{B7976414-B9FC-4626-8104-E99317602575}.Release|x64.ActiveCfg = Release|x64
		{B7976414-B9FC-4626-8104-E99317602575}.Release|x64.Build.0 = Release|x64
		{B7976414-B9FC-4626-8104-E99317602575}.Release|x86.ActiveCfg = Release|Win32
		{B7976414-B9FC-4626-8104-E99317602575}.Release|x86.Build.0 = Release|Win32
		{E6CCE722-3EAE-4ACC-959B-CED002B47E54}.Debug|x64.ActiveCfg = Debug|x64
		{E6CCE722-3EAE-4ACC-959B-CED002B47E54}.Debug|x64.Build.0 = Debug|x64
		{E6CCE722-3EAE-4ACC-959B-CED002B47E54}.Debug|x86.ActiveCfg = Debug|Win32
		{E6CCE722-3EAE-4ACC-959B-CED002B47E54}.Debug|x86.Build.0 = Debug|Win32
		{E6CCE722-3EAE-4ACC-959B-CED002B47E54}.Release|x64.ActiveCfg = Release|x64
		{E6CCE722-3EAE-4ACC-959B-CED002B47E54}.Release|x64.Build.0 = Release|x64
		{E6CCE722-3EAE-4ACC-959B-CED002B47E54}.Release|x86.ActiveCfg = Release|Win32
		{E6CCE722-3EAE-4ACC-959B-CED002B47E54}.Release|x86.Build.0 = Release|Win32
		{99604D5C-3323-4225-B718-9DF25479F74B}.Debug|x64.ActiveCfg = Debug|x64
		{99604D5C-3323-4225-B718-9DF25479F74B}.Debug|x64.Build.0 = Debug|x64
		{99604D5C-3323-4225-B718-9DF25479F74B}.Debug|x86.ActiveCfg = Debug|Win32
		{99604D5C-3323-4225-B718-9DF25479F74B}.Debug|x86.Build.0 = Debug|Win32
		{99604D5C-3323-4225-B718-9DF25479F74B}.Release|x64.ActiveCfg = Release|x64
		{99604D5C-3323-4225-B718-9DF25479F74B}.Release|x64.Build.0 = Release|x64
		{99604D5C-3323-4225-B718-9DF25479F74B}.Release|x86.ActiveCfg = Release|Win32
		{99604D5C-3323-4225-B718-9DF25479F74B}.Release|x86.Build.0 = Release|Win32
		{4D64AA82-E19B-4F45-9686-595FE28B95FB}.Debug|x64.ActiveCfg = Debug|x64
		{4D64AA82-E19B-4F45-9686-595FE28B95FB}.Debug|x64.Build.0 = Debug|x64
		{4D64AA82-E19B-4F45-9686-595FE28B95FB}.Debug|x86.ActiveCfg = Debug|Win32
		{4D64AA82-E19B-4F45-9686-595FE28B95FB}.Debug|x86.Build.0 = Debug|Win32
		{4D64AA82-E19B-4F45-9686-595FE28B95FB}.Release|x64.ActiveCfg = Release|x64
		{4D64AA82-E19B-4F45-9686-595FE28B95FB}.Release|x64.Build.0 = Release|x64
		{4D64AA82-E19B-4F45-9686-595FE28B95FB}.Release|x86.ActiveCfg = Release|Win32
		{4D64AA82-E19B-4F45-9686-595FE28B95FB}.Release|x86.Build.0 = Release|Win32
		{F76FF496-734D-4E5D-A5D2-0FDF907F5CC2}.Debug|x64.ActiveCfg = Debug|x64
		{F76FF496-734D-4E5D-A5D2-0FDF907F5CC2}.Debug|x64.Build.0 = Debug|x64
		{F76FF496-734D-4E5D-A5D2-0FDF907F5CC2}.Debug|x86.ActiveCfg = Debug|Win32
		{F76FF496-734D-4E5D-A5D2-0FDF907F5CC2}.Debug|x86.Build.0 = Debug|Win32
		{F76FF496-734D-4E5D-A5D2-0FDF907F5CC2}.Release|x64.ActiveCfg = Release|x64
		{F76FF496-734D-4E5D-A5D2-0FDF907F5CC2}.Release|x64.Build.0 = Release|x64
		{F76FF496-734D-4E5D-A5D2-0FDF907F5CC2}.Release|x86.ActiveCfg = Release|Win32
		{F76FF496-734D-4E5D-A5D2-0FDF907F5CC2}.Release|x86.Build.0 = Release|Win32
	EndGlobalSection
	GlobalSection(SolutionProperties) = preSolution
		HideSolutionNode = FALSE
	EndGlobalSection
	GlobalSection(ExtensibilityGlobals) = postSolution
		SolutionGuid = {E48207B3-83EE-4AA7-832A-2C47BB700A10}
	EndGlobalSection
EndGlobal
